{
  "originHash" : "12b76a378e7b9c856cd3f379da9c2aff28123c553f1aa18c1d0a23e2438b9ba7",
  "pins" : [
    {
      "identity" : "swiftdate",
      "kind" : "remoteSourceControl",
      "location" : "https://github.com/malcommac/SwiftDate",
      "state" : {
        "revision" : "5d943224c3bb173e6ecf27295611615eba90c80e",
        "version" : "7.0.0"
      }
    },
    {
      "identity" : "swiftui-pull-to-refresh",
      "kind" : "remoteSourceControl",
      "location" : "https://github.com/globulus/swiftui-pull-to-refresh",
      "state" : {
        "revision" : "1852a4eb7e7a12a768c64b25b1bd905993ced4eb",
        "version" : "1.1.9"
      }
    },
    {
      "identity" : "swiftuix",
      "kind" : "remoteSourceControl",
      "location" : "https://github.com/SwiftUIX/SwiftUIX",
      "state" : {
        "revision" : "a5a22a1aaca885c229f475af049d75a6d9144de8",
        "version" : "0.1.9"
      }
    },
    {
      "identity" : "swiftyjson",
      "kind" : "remoteSourceControl",
      "location" : "https://github.com/SwiftyJSON/SwiftyJSON",
      "state" : {
        "revision" : "b3dcd7dbd0d488e1a7077cb33b00f2083e382f07",
        "version" : "5.0.1"
      }
    },
    {
      "identity" : "visualeffectview",
      "kind" : "remoteSourceControl",
      "location" : "https://github.com/efremidze/VisualEffectView",
      "state" : {
        "revision" : "df0121bbd2bb99c1ccd8eed5c5b932fb1648dfe4",
        "version" : "4.1.5"
      }
    }
  ],
  "version" : 3
}
