// !$*UTF8*$!
{
	archiveVersion = 1;
	classes = {
	};
	objectVersion = 56;
	objects = {

/* Begin PBXBuildFile section */
		90C607D62B80C8E300189480 /* EstiMateApp.swift in Sources */ = {isa = PBXBuildFile; fileRef = 90C607D52B80C8E300189480 /* EstiMateApp.swift */; };
		90C607D82B80C8E300189480 /* ContentView.swift in Sources */ = {isa = PBXBuildFile; fileRef = 90C607D72B80C8E300189480 /* ContentView.swift */; };
		90C607DA2B80C8E400189480 /* Assets.xcassets in Resources */ = {isa = PBXBuildFile; fileRef = 90C607D92B80C8E400189480 /* Assets.xcassets */; };
		90C607DD2B80C8E400189480 /* Preview Assets.xcassets in Resources */ = {isa = PBXBuildFile; fileRef = 90C607DC2B80C8E400189480 /* Preview Assets.xcassets */; };
		90C607FE2B80ED9700189480 /* Launch Screen.storyboard in Resources */ = {isa = PBXBuildFile; fileRef = 90C607FD2B80ED9700189480 /* Launch Screen.storyboard */; };
		90C608012B81317500189480 /* WelcomeView.swift in Sources */ = {isa = PBXBuildFile; fileRef = 90C608002B81317500189480 /* WelcomeView.swift */; };
		90C608032B81346800189480 /* GuideItem.swift in Sources */ = {isa = PBXBuildFile; fileRef = 90C608022B81346800189480 /* GuideItem.swift */; };
		90C608062B81351600189480 /* SwiftUIX in Frameworks */ = {isa = PBXBuildFile; productRef = 90C608052B81351600189480 /* SwiftUIX */; };
		90C6080B2B813F0800189480 /* NavBar.swift in Sources */ = {isa = PBXBuildFile; fileRef = 90C6080A2B813F0800189480 /* NavBar.swift */; };
		90C6080E2B814D8100189480 /* VisualEffectView in Frameworks */ = {isa = PBXBuildFile; productRef = 90C6080D2B814D8100189480 /* VisualEffectView */; };
		90C608112B814ED200189480 /* BetItem.swift in Sources */ = {isa = PBXBuildFile; fileRef = 90C608102B814ED200189480 /* BetItem.swift */; };
		90C608132B814F1800189480 /* BetIndicator.swift in Sources */ = {isa = PBXBuildFile; fileRef = 90C608122B814F1800189480 /* BetIndicator.swift */; };
		90C608152B81506200189480 /* BetStatus.swift in Sources */ = {isa = PBXBuildFile; fileRef = 90C608142B81506200189480 /* BetStatus.swift */; };
		90C608192B8152B000189480 /* SwiftDate in Frameworks */ = {isa = PBXBuildFile; productRef = 90C608182B8152B000189480 /* SwiftDate */; };
		90C6081B2B817CBB00189480 /* Bet.swift in Sources */ = {isa = PBXBuildFile; fileRef = 90C6081A2B817CBB00189480 /* Bet.swift */; };
		90C6081E2B81850B00189480 /* BeetSheet.swift in Sources */ = {isa = PBXBuildFile; fileRef = 90C6081D2B81850B00189480 /* BeetSheet.swift */; };
		90C608202B8186C000189480 /* SheetStatus.swift in Sources */ = {isa = PBXBuildFile; fileRef = 90C6081F2B8186C000189480 /* SheetStatus.swift */; };
		90C608222B81875B00189480 /* SheetBottom.swift in Sources */ = {isa = PBXBuildFile; fileRef = 90C608212B81875B00189480 /* SheetBottom.swift */; };
		90C608242B8188AC00189480 /* SheetContainer.swift in Sources */ = {isa = PBXBuildFile; fileRef = 90C608232B8188AC00189480 /* SheetContainer.swift */; };
		90C608272B818C5400189480 /* WebAPI.swift in Sources */ = {isa = PBXBuildFile; fileRef = 90C608262B818C5400189480 /* WebAPI.swift */; };
		90C608292B818E2F00189480 /* SheetInput.swift in Sources */ = {isa = PBXBuildFile; fileRef = 90C608282B818E2F00189480 /* SheetInput.swift */; };
		90C6082B2B81929100189480 /* CreateBet.swift in Sources */ = {isa = PBXBuildFile; fileRef = 90C6082A2B81929100189480 /* CreateBet.swift */; };
		90C6082D2B819BB800189480 /* SheetTime.swift in Sources */ = {isa = PBXBuildFile; fileRef = 90C6082C2B819BB800189480 /* SheetTime.swift */; };
		90C608302B819E3700189480 /* MeasureSize.swift in Sources */ = {isa = PBXBuildFile; fileRef = 90C6082F2B819E3700189480 /* MeasureSize.swift */; };
		90C608322B81A1D200189480 /* SheetAmount.swift in Sources */ = {isa = PBXBuildFile; fileRef = 90C608312B81A1D200189480 /* SheetAmount.swift */; };
		90C608342B81A4C300189480 /* SheetSide.swift in Sources */ = {isa = PBXBuildFile; fileRef = 90C608332B81A4C300189480 /* SheetSide.swift */; };
		90C608372B81ADC200189480 /* SwiftyJSON in Frameworks */ = {isa = PBXBuildFile; productRef = 90C608362B81ADC200189480 /* SwiftyJSON */; };
		90C608392B81AF5C00189480 /* SheetInvite.swift in Sources */ = {isa = PBXBuildFile; fileRef = 90C608382B81AF5C00189480 /* SheetInvite.swift */; };
		90C6083B2B81AFAC00189480 /* BetInvited.swift in Sources */ = {isa = PBXBuildFile; fileRef = 90C6083A2B81AFAC00189480 /* BetInvited.swift */; };
		90C6083D2B81B88400189480 /* icon.png in Resources */ = {isa = PBXBuildFile; fileRef = 90C6083C2B81B88400189480 /* icon.png */; };
		90C608402B81BC1B00189480 /* AllBets.swift in Sources */ = {isa = PBXBuildFile; fileRef = 90C6083F2B81BC1B00189480 /* AllBets.swift */; };
		90C6085C2B81D3DF00189480 /* SheetRecieve.swift in Sources */ = {isa = PBXBuildFile; fileRef = 90C6085B2B81D3DF00189480 /* SheetRecieve.swift */; };
		90C6085E2B81E5B500189480 /* SheetVote.swift in Sources */ = {isa = PBXBuildFile; fileRef = 90C6085D2B81E5B500189480 /* SheetVote.swift */; };
		90C608612B81EA0D00189480 /* SwiftUIPullToRefresh in Frameworks */ = {isa = PBXBuildFile; productRef = 90C608602B81EA0D00189480 /* SwiftUIPullToRefresh */; };
		90C608632B8213AD00189480 /* SheatResult.swift in Sources */ = {isa = PBXBuildFile; fileRef = 90C608622B8213AD00189480 /* SheatResult.swift */; };
		90C608652B82238600189480 /* BetResult.swift in Sources */ = {isa = PBXBuildFile; fileRef = 90C608642B82238600189480 /* BetResult.swift */; };
/* End PBXBuildFile section */

/* Begin PBXFileReference section */
		90C607D22B80C8E300189480 /* EstiMate.app */ = {isa = PBXFileReference; explicitFileType = wrapper.application; includeInIndex = 0; path = EstiMate.app; sourceTree = BUILT_PRODUCTS_DIR; };
		90C607D52B80C8E300189480 /* EstiMateApp.swift */ = {isa = PBXFileReference; lastKnownFileType = sourcecode.swift; path = EstiMateApp.swift; sourceTree = "<group>"; };
		90C607D72B80C8E300189480 /* ContentView.swift */ = {isa = PBXFileReference; lastKnownFileType = sourcecode.swift; path = ContentView.swift; sourceTree = "<group>"; };
		90C607D92B80C8E400189480 /* Assets.xcassets */ = {isa = PBXFileReference; lastKnownFileType = folder.assetcatalog; path = Assets.xcassets; sourceTree = "<group>"; };
		90C607DC2B80C8E400189480 /* Preview Assets.xcassets */ = {isa = PBXFileReference; lastKnownFileType = folder.assetcatalog; path = "Preview Assets.xcassets"; sourceTree = "<group>"; };
		90C607FD2B80ED9700189480 /* Launch Screen.storyboard */ = {isa = PBXFileReference; lastKnownFileType = file.storyboard; path = "Launch Screen.storyboard"; sourceTree = "<group>"; };
		90C608002B81317500189480 /* WelcomeView.swift */ = {isa = PBXFileReference; lastKnownFileType = sourcecode.swift; path = WelcomeView.swift; sourceTree = "<group>"; };
		90C608022B81346800189480 /* GuideItem.swift */ = {isa = PBXFileReference; lastKnownFileType = sourcecode.swift; path = GuideItem.swift; sourceTree = "<group>"; };
		90C608082B8139A200189480 /* EstiMate.entitlements */ = {isa = PBXFileReference; lastKnownFileType = text.plist.entitlements; path = EstiMate.entitlements; sourceTree = "<group>"; };
		90C6080A2B813F0800189480 /* NavBar.swift */ = {isa = PBXFileReference; lastKnownFileType = sourcecode.swift; path = NavBar.swift; sourceTree = "<group>"; };
		90C608102B814ED200189480 /* BetItem.swift */ = {isa = PBXFileReference; lastKnownFileType = sourcecode.swift; path = BetItem.swift; sourceTree = "<group>"; };
		90C608122B814F1800189480 /* BetIndicator.swift */ = {isa = PBXFileReference; lastKnownFileType = sourcecode.swift; path = BetIndicator.swift; sourceTree = "<group>"; };
		90C608142B81506200189480 /* BetStatus.swift */ = {isa = PBXFileReference; lastKnownFileType = sourcecode.swift; path = BetStatus.swift; sourceTree = "<group>"; };
		90C608162B81523E00189480 /* Info.plist */ = {isa = PBXFileReference; lastKnownFileType = text.plist; path = Info.plist; sourceTree = "<group>"; };
		90C6081A2B817CBB00189480 /* Bet.swift */ = {isa = PBXFileReference; lastKnownFileType = sourcecode.swift; path = Bet.swift; sourceTree = "<group>"; };
		90C6081D2B81850B00189480 /* BeetSheet.swift */ = {isa = PBXFileReference; lastKnownFileType = sourcecode.swift; path = BeetSheet.swift; sourceTree = "<group>"; };
		90C6081F2B8186C000189480 /* SheetStatus.swift */ = {isa = PBXFileReference; lastKnownFileType = sourcecode.swift; path = SheetStatus.swift; sourceTree = "<group>"; };
		90C608212B81875B00189480 /* SheetBottom.swift */ = {isa = PBXFileReference; lastKnownFileType = sourcecode.swift; path = SheetBottom.swift; sourceTree = "<group>"; };
		90C608232B8188AC00189480 /* SheetContainer.swift */ = {isa = PBXFileReference; lastKnownFileType = sourcecode.swift; path = SheetContainer.swift; sourceTree = "<group>"; };
		90C608262B818C5400189480 /* WebAPI.swift */ = {isa = PBXFileReference; lastKnownFileType = sourcecode.swift; path = WebAPI.swift; sourceTree = "<group>"; };
		90C608282B818E2F00189480 /* SheetInput.swift */ = {isa = PBXFileReference; lastKnownFileType = sourcecode.swift; path = SheetInput.swift; sourceTree = "<group>"; };
		90C6082A2B81929100189480 /* CreateBet.swift */ = {isa = PBXFileReference; lastKnownFileType = sourcecode.swift; path = CreateBet.swift; sourceTree = "<group>"; };
		90C6082C2B819BB800189480 /* SheetTime.swift */ = {isa = PBXFileReference; lastKnownFileType = sourcecode.swift; path = SheetTime.swift; sourceTree = "<group>"; };
		90C6082F2B819E3700189480 /* MeasureSize.swift */ = {isa = PBXFileReference; lastKnownFileType = sourcecode.swift; path = MeasureSize.swift; sourceTree = "<group>"; };
		90C608312B81A1D200189480 /* SheetAmount.swift */ = {isa = PBXFileReference; lastKnownFileType = sourcecode.swift; path = SheetAmount.swift; sourceTree = "<group>"; };
		90C608332B81A4C300189480 /* SheetSide.swift */ = {isa = PBXFileReference; lastKnownFileType = sourcecode.swift; path = SheetSide.swift; sourceTree = "<group>"; };
		90C608382B81AF5C00189480 /* SheetInvite.swift */ = {isa = PBXFileReference; lastKnownFileType = sourcecode.swift; path = SheetInvite.swift; sourceTree = "<group>"; };
		90C6083A2B81AFAC00189480 /* BetInvited.swift */ = {isa = PBXFileReference; lastKnownFileType = sourcecode.swift; path = BetInvited.swift; sourceTree = "<group>"; };
		90C6083C2B81B88400189480 /* icon.png */ = {isa = PBXFileReference; lastKnownFileType = image.png; name = icon.png; path = EstiMate/Statics/icon.png; sourceTree = SOURCE_ROOT; };
		90C6083F2B81BC1B00189480 /* AllBets.swift */ = {isa = PBXFileReference; lastKnownFileType = sourcecode.swift; path = AllBets.swift; sourceTree = "<group>"; };
		90C6085B2B81D3DF00189480 /* SheetRecieve.swift */ = {isa = PBXFileReference; lastKnownFileType = sourcecode.swift; path = SheetRecieve.swift; sourceTree = "<group>"; };
		90C6085D2B81E5B500189480 /* SheetVote.swift */ = {isa = PBXFileReference; lastKnownFileType = sourcecode.swift; path = SheetVote.swift; sourceTree = "<group>"; };
		90C608622B8213AD00189480 /* SheatResult.swift */ = {isa = PBXFileReference; lastKnownFileType = sourcecode.swift; path = SheatResult.swift; sourceTree = "<group>"; };
		90C608642B82238600189480 /* BetResult.swift */ = {isa = PBXFileReference; lastKnownFileType = sourcecode.swift; path = BetResult.swift; sourceTree = "<group>"; };
/* End PBXFileReference section */

/* Begin PBXFrameworksBuildPhase section */
		90C607CF2B80C8E300189480 /* Frameworks */ = {
			isa = PBXFrameworksBuildPhase;
			buildActionMask = 2147483647;
			files = (
				90C6080E2B814D8100189480 /* VisualEffectView in Frameworks */,
				90C608062B81351600189480 /* SwiftUIX in Frameworks */,
				90C608612B81EA0D00189480 /* SwiftUIPullToRefresh in Frameworks */,
				90C608372B81ADC200189480 /* SwiftyJSON in Frameworks */,
				90C608192B8152B000189480 /* SwiftDate in Frameworks */,
			);
			runOnlyForDeploymentPostprocessing = 0;
		};
/* End PBXFrameworksBuildPhase section */

/* Begin PBXGroup section */
		90C607C92B80C8E300189480 = {
			isa = PBXGroup;
			children = (
				90C607D42B80C8E300189480 /* EstiMate */,
				90C607D32B80C8E300189480 /* Products */,
				90C608072B81352700189480 /* Frameworks */,
			);
			sourceTree = "<group>";
		};
		90C607D32B80C8E300189480 /* Products */ = {
			isa = PBXGroup;
			children = (
				90C607D22B80C8E300189480 /* EstiMate.app */,
			);
			name = Products;
			sourceTree = "<group>";
		};
		90C607D42B80C8E300189480 /* EstiMate */ = {
			isa = PBXGroup;
			children = (
				90C6083E2B81B88C00189480 /* Statics */,
				90C6082E2B819E3000189480 /* Extensions */,
				90C608252B818C4D00189480 /* API */,
				90C6081C2B8184FE00189480 /* BetSheet */,
				90C608162B81523E00189480 /* Info.plist */,
				90C6080F2B814ECB00189480 /* Bets */,
				90C608092B813F0300189480 /* Navigation */,
				90C608082B8139A200189480 /* EstiMate.entitlements */,
				90C607FF2B81314100189480 /* Welcome */,
				90C607D52B80C8E300189480 /* EstiMateApp.swift */,
				90C607D72B80C8E300189480 /* ContentView.swift */,
				90C607D92B80C8E400189480 /* Assets.xcassets */,
				90C607DB2B80C8E400189480 /* Preview Content */,
				90C607FD2B80ED9700189480 /* Launch Screen.storyboard */,
			);
			path = EstiMate;
			sourceTree = "<group>";
		};
		90C607DB2B80C8E400189480 /* Preview Content */ = {
			isa = PBXGroup;
			children = (
				90C607DC2B80C8E400189480 /* Preview Assets.xcassets */,
			);
			path = "Preview Content";
			sourceTree = "<group>";
		};
		90C607FF2B81314100189480 /* Welcome */ = {
			isa = PBXGroup;
			children = (
				90C608002B81317500189480 /* WelcomeView.swift */,
				90C608022B81346800189480 /* GuideItem.swift */,
			);
			path = Welcome;
			sourceTree = "<group>";
		};
		90C608072B81352700189480 /* Frameworks */ = {
			isa = PBXGroup;
			children = (
			);
			name = Frameworks;
			sourceTree = "<group>";
		};
		90C608092B813F0300189480 /* Navigation */ = {
			isa = PBXGroup;
			children = (
				90C6080A2B813F0800189480 /* NavBar.swift */,
			);
			path = Navigation;
			sourceTree = "<group>";
		};
		90C6080F2B814ECB00189480 /* Bets */ = {
			isa = PBXGroup;
			children = (
				90C608102B814ED200189480 /* BetItem.swift */,
				90C608122B814F1800189480 /* BetIndicator.swift */,
				90C608142B81506200189480 /* BetStatus.swift */,
				90C6081A2B817CBB00189480 /* Bet.swift */,
				90C608642B82238600189480 /* BetResult.swift */,
			);
			path = Bets;
			sourceTree = "<group>";
		};
		90C6081C2B8184FE00189480 /* BetSheet */ = {
			isa = PBXGroup;
			children = (
				90C6081D2B81850B00189480 /* BeetSheet.swift */,
				90C6081F2B8186C000189480 /* SheetStatus.swift */,
				90C608212B81875B00189480 /* SheetBottom.swift */,
				90C608232B8188AC00189480 /* SheetContainer.swift */,
				90C608282B818E2F00189480 /* SheetInput.swift */,
				90C6082A2B81929100189480 /* CreateBet.swift */,
				90C6082C2B819BB800189480 /* SheetTime.swift */,
				90C608312B81A1D200189480 /* SheetAmount.swift */,
				90C608332B81A4C300189480 /* SheetSide.swift */,
				90C608382B81AF5C00189480 /* SheetInvite.swift */,
				90C6085B2B81D3DF00189480 /* SheetRecieve.swift */,
				90C6085D2B81E5B500189480 /* SheetVote.swift */,
				90C608622B8213AD00189480 /* SheatResult.swift */,
			);
			path = BetSheet;
			sourceTree = "<group>";
		};
		90C608252B818C4D00189480 /* API */ = {
			isa = PBXGroup;
			children = (
				90C608262B818C5400189480 /* WebAPI.swift */,
				90C6083A2B81AFAC00189480 /* BetInvited.swift */,
				90C6083F2B81BC1B00189480 /* AllBets.swift */,
			);
			path = API;
			sourceTree = "<group>";
		};
		90C6082E2B819E3000189480 /* Extensions */ = {
			isa = PBXGroup;
			children = (
				90C6082F2B819E3700189480 /* MeasureSize.swift */,
			);
			path = Extensions;
			sourceTree = "<group>";
		};
		90C6083E2B81B88C00189480 /* Statics */ = {
			isa = PBXGroup;
			children = (
				90C6083C2B81B88400189480 /* icon.png */,
			);
			path = Statics;
			sourceTree = "<group>";
		};
/* End PBXGroup section */

/* Begin PBXNativeTarget section */
		90C607D12B80C8E300189480 /* EstiMate */ = {
			isa = PBXNativeTarget;
			buildConfigurationList = 90C607E02B80C8E400189480 /* Build configuration list for PBXNativeTarget "EstiMate" */;
			buildPhases = (
				90C607CE2B80C8E300189480 /* Sources */,
				90C607CF2B80C8E300189480 /* Frameworks */,
				90C607D02B80C8E300189480 /* Resources */,
			);
			buildRules = (
			);
			dependencies = (
			);
			name = EstiMate;
			packageProductDependencies = (
				90C608052B81351600189480 /* SwiftUIX */,
				90C6080D2B814D8100189480 /* VisualEffectView */,
				90C608182B8152B000189480 /* SwiftDate */,
				90C608362B81ADC200189480 /* SwiftyJSON */,
				90C608602B81EA0D00189480 /* SwiftUIPullToRefresh */,
			);
			productName = EstiMate;
			productReference = 90C607D22B80C8E300189480 /* EstiMate.app */;
			productType = "com.apple.product-type.application";
		};
/* End PBXNativeTarget section */

/* Begin PBXProject section */
		90C607CA2B80C8E300189480 /* Project object */ = {
			isa = PBXProject;
			attributes = {
				BuildIndependentTargetsInParallel = 1;
				LastSwiftUpdateCheck = 1530;
				LastUpgradeCheck = 1530;
				TargetAttributes = {
					90C607D12B80C8E300189480 = {
						CreatedOnToolsVersion = 15.3;
					};
				};
			};
			buildConfigurationList = 90C607CD2B80C8E300189480 /* Build configuration list for PBXProject "EstiMate" */;
			compatibilityVersion = "Xcode 14.0";
			developmentRegion = en;
			hasScannedForEncodings = 0;
			knownRegions = (
				en,
				Base,
			);
			mainGroup = 90C607C92B80C8E300189480;
			packageReferences = (
				90C608042B81351600189480 /* XCRemoteSwiftPackageReference "SwiftUIX" */,
				90C6080C2B814D8100189480 /* XCRemoteSwiftPackageReference "VisualEffectView" */,
				90C608172B8152B000189480 /* XCRemoteSwiftPackageReference "SwiftDate" */,
				90C608352B81ADC200189480 /* XCRemoteSwiftPackageReference "SwiftyJSON" */,
				90C6085F2B81EA0D00189480 /* XCRemoteSwiftPackageReference "swiftui-pull-to-refresh" */,
			);
			productRefGroup = 90C607D32B80C8E300189480 /* Products */;
			projectDirPath = "";
			projectRoot = "";
			targets = (
				90C607D12B80C8E300189480 /* EstiMate */,
			);
		};
/* End PBXProject section */

/* Begin PBXResourcesBuildPhase section */
		90C607D02B80C8E300189480 /* Resources */ = {
			isa = PBXResourcesBuildPhase;
			buildActionMask = 2147483647;
			files = (
				90C6083D2B81B88400189480 /* icon.png in Resources */,
				90C607FE2B80ED9700189480 /* Launch Screen.storyboard in Resources */,
				90C607DD2B80C8E400189480 /* Preview Assets.xcassets in Resources */,
				90C607DA2B80C8E400189480 /* Assets.xcassets in Resources */,
			);
			runOnlyForDeploymentPostprocessing = 0;
		};
/* End PBXResourcesBuildPhase section */

/* Begin PBXSourcesBuildPhase section */
		90C607CE2B80C8E300189480 /* Sources */ = {
			isa = PBXSourcesBuildPhase;
			buildActionMask = 2147483647;
			files = (
				90C6080B2B813F0800189480 /* NavBar.swift in Sources */,
				90C6085C2B81D3DF00189480 /* SheetRecieve.swift in Sources */,
				90C608152B81506200189480 /* BetStatus.swift in Sources */,
				90C608222B81875B00189480 /* SheetBottom.swift in Sources */,
				90C608242B8188AC00189480 /* SheetContainer.swift in Sources */,
				90C608342B81A4C300189480 /* SheetSide.swift in Sources */,
				90C608402B81BC1B00189480 /* AllBets.swift in Sources */,
				90C607D82B80C8E300189480 /* ContentView.swift in Sources */,
				90C608272B818C5400189480 /* WebAPI.swift in Sources */,
				90C608132B814F1800189480 /* BetIndicator.swift in Sources */,
				90C608012B81317500189480 /* WelcomeView.swift in Sources */,
				90C6082D2B819BB800189480 /* SheetTime.swift in Sources */,
				90C608202B8186C000189480 /* SheetStatus.swift in Sources */,
				90C6083B2B81AFAC00189480 /* BetInvited.swift in Sources */,
				90C608632B8213AD00189480 /* SheatResult.swift in Sources */,
				90C6085E2B81E5B500189480 /* SheetVote.swift in Sources */,
				90C6082B2B81929100189480 /* CreateBet.swift in Sources */,
				90C608302B819E3700189480 /* MeasureSize.swift in Sources */,
				90C608392B81AF5C00189480 /* SheetInvite.swift in Sources */,
				90C607D62B80C8E300189480 /* EstiMateApp.swift in Sources */,
				90C608112B814ED200189480 /* BetItem.swift in Sources */,
				90C608292B818E2F00189480 /* SheetInput.swift in Sources */,
				90C608322B81A1D200189480 /* SheetAmount.swift in Sources */,
				90C6081E2B81850B00189480 /* BeetSheet.swift in Sources */,
				90C608652B82238600189480 /* BetResult.swift in Sources */,
				90C6081B2B817CBB00189480 /* Bet.swift in Sources */,
				90C608032B81346800189480 /* GuideItem.swift in Sources */,
			);
			runOnlyForDeploymentPostprocessing = 0;
		};
/* End PBXSourcesBuildPhase section */

/* Begin XCBuildConfiguration section */
		90C607DE2B80C8E400189480 /* Debug */ = {
			isa = XCBuildConfiguration;
			buildSettings = {
				ALWAYS_SEARCH_USER_PATHS = NO;
				ASSETCATALOG_COMPILER_GENERATE_SWIFT_ASSET_SYMBOL_EXTENSIONS = YES;
				CLANG_ANALYZER_NONNULL = YES;
				CLANG_ANALYZER_NUMBER_OBJECT_CONVERSION = YES_AGGRESSIVE;
				CLANG_CXX_LANGUAGE_STANDARD = "gnu++20";
				CLANG_ENABLE_MODULES = YES;
				CLANG_ENABLE_OBJC_ARC = YES;
				CLANG_ENABLE_OBJC_WEAK = YES;
				CLANG_WARN_BLOCK_CAPTURE_AUTORELEASING = YES;
				CLANG_WARN_BOOL_CONVERSION = YES;
				CLANG_WARN_COMMA = YES;
				CLANG_WARN_CONSTANT_CONVERSION = YES;
				CLANG_WARN_DEPRECATED_OBJC_IMPLEMENTATIONS = YES;
				CLANG_WARN_DIRECT_OBJC_ISA_USAGE = YES_ERROR;
				CLANG_WARN_DOCUMENTATION_COMMENTS = YES;
				CLANG_WARN_EMPTY_BODY = YES;
				CLANG_WARN_ENUM_CONVERSION = YES;
				CLANG_WARN_INFINITE_RECURSION = YES;
				CLANG_WARN_INT_CONVERSION = YES;
				CLANG_WARN_NON_LITERAL_NULL_CONVERSION = YES;
				CLANG_WARN_OBJC_IMPLICIT_RETAIN_SELF = YES;
				CLANG_WARN_OBJC_LITERAL_CONVERSION = YES;
				CLANG_WARN_OBJC_ROOT_CLASS = YES_ERROR;
				CLANG_WARN_QUOTED_INCLUDE_IN_FRAMEWORK_HEADER = YES;
				CLANG_WARN_RANGE_LOOP_ANALYSIS = YES;
				CLANG_WARN_STRICT_PROTOTYPES = YES;
				CLANG_WARN_SUSPICIOUS_MOVE = YES;
				CLANG_WARN_UNGUARDED_AVAILABILITY = YES_AGGRESSIVE;
				CLANG_WARN_UNREACHABLE_CODE = YES;
				CLANG_WARN__DUPLICATE_METHOD_MATCH = YES;
				COPY_PHASE_STRIP = NO;
				DEBUG_INFORMATION_FORMAT = dwarf;
				ENABLE_STRICT_OBJC_MSGSEND = YES;
				ENABLE_TESTABILITY = YES;
				ENABLE_USER_SCRIPT_SANDBOXING = YES;
				GCC_C_LANGUAGE_STANDARD = gnu17;
				GCC_DYNAMIC_NO_PIC = NO;
				GCC_NO_COMMON_BLOCKS = YES;
				GCC_OPTIMIZATION_LEVEL = 0;
				GCC_PREPROCESSOR_DEFINITIONS = (
					"DEBUG=1",
					"$(inherited)",
				);
				GCC_WARN_64_TO_32_BIT_CONVERSION = YES;
				GCC_WARN_ABOUT_RETURN_TYPE = YES_ERROR;
				GCC_WARN_UNDECLARED_SELECTOR = YES;
				GCC_WARN_UNINITIALIZED_AUTOS = YES_AGGRESSIVE;
				GCC_WARN_UNUSED_FUNCTION = YES;
				GCC_WARN_UNUSED_VARIABLE = YES;
				IPHONEOS_DEPLOYMENT_TARGET = 17.0;
				LOCALIZATION_PREFERS_STRING_CATALOGS = YES;
				MTL_ENABLE_DEBUG_INFO = INCLUDE_SOURCE;
				MTL_FAST_MATH = YES;
				ONLY_ACTIVE_ARCH = YES;
				SDKROOT = iphoneos;
				SWIFT_ACTIVE_COMPILATION_CONDITIONS = "DEBUG $(inherited)";
				SWIFT_OPTIMIZATION_LEVEL = "-Onone";
			};
			name = Debug;
		};
		90C607DF2B80C8E400189480 /* Release */ = {
			isa = XCBuildConfiguration;
			buildSettings = {
				ALWAYS_SEARCH_USER_PATHS = NO;
				ASSETCATALOG_COMPILER_GENERATE_SWIFT_ASSET_SYMBOL_EXTENSIONS = YES;
				CLANG_ANALYZER_NONNULL = YES;
				CLANG_ANALYZER_NUMBER_OBJECT_CONVERSION = YES_AGGRESSIVE;
				CLANG_CXX_LANGUAGE_STANDARD = "gnu++20";
				CLANG_ENABLE_MODULES = YES;
				CLANG_ENABLE_OBJC_ARC = YES;
				CLANG_ENABLE_OBJC_WEAK = YES;
				CLANG_WARN_BLOCK_CAPTURE_AUTORELEASING = YES;
				CLANG_WARN_BOOL_CONVERSION = YES;
				CLANG_WARN_COMMA = YES;
				CLANG_WARN_CONSTANT_CONVERSION = YES;
				CLANG_WARN_DEPRECATED_OBJC_IMPLEMENTATIONS = YES;
				CLANG_WARN_DIRECT_OBJC_ISA_USAGE = YES_ERROR;
				CLANG_WARN_DOCUMENTATION_COMMENTS = YES;
				CLANG_WARN_EMPTY_BODY = YES;
				CLANG_WARN_ENUM_CONVERSION = YES;
				CLANG_WARN_INFINITE_RECURSION = YES;
				CLANG_WARN_INT_CONVERSION = YES;
				CLANG_WARN_NON_LITERAL_NULL_CONVERSION = YES;
				CLANG_WARN_OBJC_IMPLICIT_RETAIN_SELF = YES;
				CLANG_WARN_OBJC_LITERAL_CONVERSION = YES;
				CLANG_WARN_OBJC_ROOT_CLASS = YES_ERROR;
				CLANG_WARN_QUOTED_INCLUDE_IN_FRAMEWORK_HEADER = YES;
				CLANG_WARN_RANGE_LOOP_ANALYSIS = YES;
				CLANG_WARN_STRICT_PROTOTYPES = YES;
				CLANG_WARN_SUSPICIOUS_MOVE = YES;
				CLANG_WARN_UNGUARDED_AVAILABILITY = YES_AGGRESSIVE;
				CLANG_WARN_UNREACHABLE_CODE = YES;
				CLANG_WARN__DUPLICATE_METHOD_MATCH = YES;
				COPY_PHASE_STRIP = NO;
				DEBUG_INFORMATION_FORMAT = "dwarf-with-dsym";
				ENABLE_NS_ASSERTIONS = NO;
				ENABLE_STRICT_OBJC_MSGSEND = YES;
				ENABLE_USER_SCRIPT_SANDBOXING = YES;
				GCC_C_LANGUAGE_STANDARD = gnu17;
				GCC_NO_COMMON_BLOCKS = YES;
				GCC_WARN_64_TO_32_BIT_CONVERSION = YES;
				GCC_WARN_ABOUT_RETURN_TYPE = YES_ERROR;
				GCC_WARN_UNDECLARED_SELECTOR = YES;
				GCC_WARN_UNINITIALIZED_AUTOS = YES_AGGRESSIVE;
				GCC_WARN_UNUSED_FUNCTION = YES;
				GCC_WARN_UNUSED_VARIABLE = YES;
				IPHONEOS_DEPLOYMENT_TARGET = 17.0;
				LOCALIZATION_PREFERS_STRING_CATALOGS = YES;
				MTL_ENABLE_DEBUG_INFO = NO;
				MTL_FAST_MATH = YES;
				SDKROOT = iphoneos;
				SWIFT_COMPILATION_MODE = wholemodule;
				VALIDATE_PRODUCT = YES;
			};
			name = Release;
		};
		90C607E12B80C8E400189480 /* Debug */ = {
			isa = XCBuildConfiguration;
			buildSettings = {
				ASSETCATALOG_COMPILER_APPICON_NAME = AppIcon;
				ASSETCATALOG_COMPILER_GLOBAL_ACCENT_COLOR_NAME = AccentColor;
				CODE_SIGN_ENTITLEMENTS = EstiMate/EstiMate.entitlements;
				CODE_SIGN_STYLE = Automatic;
				CURRENT_PROJECT_VERSION = 1;
				DEVELOPMENT_ASSET_PATHS = "\"EstiMate/Preview Content\"";
				DEVELOPMENT_TEAM = 44BN78992X;
				ENABLE_PREVIEWS = YES;
				GENERATE_INFOPLIST_FILE = YES;
				INFOPLIST_FILE = EstiMate/Info.plist;
				INFOPLIST_KEY_UIApplicationSceneManifest_Generation = YES;
				INFOPLIST_KEY_UIApplicationSupportsIndirectInputEvents = YES;
				INFOPLIST_KEY_UILaunchScreen_Generation = YES;
				INFOPLIST_KEY_UILaunchStoryboardName = "Launch Screen.storyboard";
				INFOPLIST_KEY_UISupportedInterfaceOrientations = UIInterfaceOrientationPortrait;
				INFOPLIST_KEY_UIUserInterfaceStyle = Light;
				LD_RUNPATH_SEARCH_PATHS = (
					"$(inherited)",
					"@executable_path/Frameworks",
				);
				MARKETING_VERSION = 1.0;
				PRODUCT_BUNDLE_IDENTIFIER = com.zhuhaoyu.EstiMate;
				PRODUCT_NAME = "$(TARGET_NAME)";
				SUPPORTED_PLATFORMS = "iphoneos iphonesimulator";
				SUPPORTS_MACCATALYST = NO;
				SUPPORTS_MAC_DESIGNED_FOR_IPHONE_IPAD = NO;
				SUPPORTS_XR_DESIGNED_FOR_IPHONE_IPAD = NO;
				SWIFT_EMIT_LOC_STRINGS = YES;
				SWIFT_VERSION = 5.0;
				TARGETED_DEVICE_FAMILY = 1;
			};
			name = Debug;
		};
		90C607E22B80C8E400189480 /* Release */ = {
			isa = XCBuildConfiguration;
			buildSettings = {
				ASSETCATALOG_COMPILER_APPICON_NAME = AppIcon;
				ASSETCATALOG_COMPILER_GLOBAL_ACCENT_COLOR_NAME = AccentColor;
				CODE_SIGN_ENTITLEMENTS = EstiMate/EstiMate.entitlements;
				CODE_SIGN_STYLE = Automatic;
				CURRENT_PROJECT_VERSION = 1;
				DEVELOPMENT_ASSET_PATHS = "\"EstiMate/Preview Content\"";
				DEVELOPMENT_TEAM = 44BN78992X;
				ENABLE_PREVIEWS = YES;
				GENERATE_INFOPLIST_FILE = YES;
				INFOPLIST_FILE = EstiMate/Info.plist;
				INFOPLIST_KEY_UIApplicationSceneManifest_Generation = YES;
				INFOPLIST_KEY_UIApplicationSupportsIndirectInputEvents = YES;
				INFOPLIST_KEY_UILaunchScreen_Generation = YES;
				INFOPLIST_KEY_UILaunchStoryboardName = "Launch Screen.storyboard";
				INFOPLIST_KEY_UISupportedInterfaceOrientations = UIInterfaceOrientationPortrait;
				INFOPLIST_KEY_UIUserInterfaceStyle = Light;
				LD_RUNPATH_SEARCH_PATHS = (
					"$(inherited)",
					"@executable_path/Frameworks",
				);
				MARKETING_VERSION = 1.0;
				PRODUCT_BUNDLE_IDENTIFIER = com.zhuhaoyu.EstiMate;
				PRODUCT_NAME = "$(TARGET_NAME)";
				SUPPORTED_PLATFORMS = "iphoneos iphonesimulator";
				SUPPORTS_MACCATALYST = NO;
				SUPPORTS_MAC_DESIGNED_FOR_IPHONE_IPAD = NO;
				SUPPORTS_XR_DESIGNED_FOR_IPHONE_IPAD = NO;
				SWIFT_EMIT_LOC_STRINGS = YES;
				SWIFT_VERSION = 5.0;
				TARGETED_DEVICE_FAMILY = 1;
			};
			name = Release;
		};
/* End XCBuildConfiguration section */

/* Begin XCConfigurationList section */
		90C607CD2B80C8E300189480 /* Build configuration list for PBXProject "EstiMate" */ = {
			isa = XCConfigurationList;
			buildConfigurations = (
				90C607DE2B80C8E400189480 /* Debug */,
				90C607DF2B80C8E400189480 /* Release */,
			);
			defaultConfigurationIsVisible = 0;
			defaultConfigurationName = Release;
		};
		90C607E02B80C8E400189480 /* Build configuration list for PBXNativeTarget "EstiMate" */ = {
			isa = XCConfigurationList;
			buildConfigurations = (
				90C607E12B80C8E400189480 /* Debug */,
				90C607E22B80C8E400189480 /* Release */,
			);
			defaultConfigurationIsVisible = 0;
			defaultConfigurationName = Release;
		};
/* End XCConfigurationList section */

/* Begin XCRemoteSwiftPackageReference section */
		90C608042B81351600189480 /* XCRemoteSwiftPackageReference "SwiftUIX" */ = {
			isa = XCRemoteSwiftPackageReference;
			repositoryURL = "https://github.com/SwiftUIX/SwiftUIX";
			requirement = {
				kind = upToNextMajorVersion;
				minimumVersion = 0.1.9;
			};
		};
		90C6080C2B814D8100189480 /* XCRemoteSwiftPackageReference "VisualEffectView" */ = {
			isa = XCRemoteSwiftPackageReference;
			repositoryURL = "https://github.com/efremidze/VisualEffectView";
			requirement = {
				kind = upToNextMajorVersion;
				minimumVersion = 4.1.5;
			};
		};
		90C608172B8152B000189480 /* XCRemoteSwiftPackageReference "SwiftDate" */ = {
			isa = XCRemoteSwiftPackageReference;
			repositoryURL = "https://github.com/malcommac/SwiftDate";
			requirement = {
				kind = upToNextMajorVersion;
				minimumVersion = 7.0.0;
			};
		};
		90C608352B81ADC200189480 /* XCRemoteSwiftPackageReference "SwiftyJSON" */ = {
			isa = XCRemoteSwiftPackageReference;
			repositoryURL = "https://github.com/SwiftyJSON/SwiftyJSON";
			requirement = {
				kind = upToNextMajorVersion;
				minimumVersion = 5.0.1;
			};
		};
		90C6085F2B81EA0D00189480 /* XCRemoteSwiftPackageReference "swiftui-pull-to-refresh" */ = {
			isa = XCRemoteSwiftPackageReference;
			repositoryURL = "https://github.com/globulus/swiftui-pull-to-refresh";
			requirement = {
				kind = upToNextMajorVersion;
				minimumVersion = 1.1.9;
			};
		};
/* End XCRemoteSwiftPackageReference section */

/* Begin XCSwiftPackageProductDependency section */
		90C608052B81351600189480 /* SwiftUIX */ = {
			isa = XCSwiftPackageProductDependency;
			package = 90C608042B81351600189480 /* XCRemoteSwiftPackageReference "SwiftUIX" */;
			productName = SwiftUIX;
		};
		90C6080D2B814D8100189480 /* VisualEffectView */ = {
			isa = XCSwiftPackageProductDependency;
			package = 90C6080C2B814D8100189480 /* XCRemoteSwiftPackageReference "VisualEffectView" */;
			productName = VisualEffectView;
		};
		90C608182B8152B000189480 /* SwiftDate */ = {
			isa = XCSwiftPackageProductDependency;
			package = 90C608172B8152B000189480 /* XCRemoteSwiftPackageReference "SwiftDate" */;
			productName = SwiftDate;
		};
		90C608362B81ADC200189480 /* SwiftyJSON */ = {
			isa = XCSwiftPackageProductDependency;
			package = 90C608352B81ADC200189480 /* XCRemoteSwiftPackageReference "SwiftyJSON" */;
			productName = SwiftyJSON;
		};
		90C608602B81EA0D00189480 /* SwiftUIPullToRefresh */ = {
			isa = XCSwiftPackageProductDependency;
			package = 90C6085F2B81EA0D00189480 /* XCRemoteSwiftPackageReference "swiftui-pull-to-refresh" */;
			productName = SwiftUIPullToRefresh;
		};
/* End XCSwiftPackageProductDependency section */
	};
	rootObject = 90C607CA2B80C8E300189480 /* Project object */;
}
